
Microsoft Visual Studio Solution File, Format Version 12.00
# Visual Studio 15
VisualStudioVersion = 15.0.27428.2027
MinimumVisualStudioVersion = 10.0.40219.1
Project("{8BC9CEB8-8B4A-11D0-8D11-00A0C91BC942}") = "GTA III Animation", "GTA III Animation\GTA III Animation.vcxproj", "{B212DDA4-2A8E-45B2-914D-7BEEB31D06B1}"
EndProject
Project("{8BC9CEB8-8B4A-11D0-8D11-00A0C91BC942}") = "GTA VC Animation", "GTA VC Animation\GTA VC Animation.vcxproj", "{00CE6844-FF7E-4257-B04E-F04E6CD816F6}"
EndProject
Project("{8BC9CEB8-8B4A-11D0-8D11-00A0C91BC942}") = "GTA SA Animation", "GTA SA Animation\GTA SA Animation.vcxproj", "{DD30D284-5EA7-428A-8F2A-0865CD76A4E8}"
EndProject
Project("{8BC9CEB8-8B4A-11D0-8D11-00A0C91BC942}") = "2D Text", "2D Text\2D Text.vcxproj", "{F88640AA-8941-4B0F-A0F2-0F2616384A53}"
EndProject
Project("{8BC9CEB8-8B4A-11D0-8D11-00A0C91BC942}") = "Sprites", "Sprites\Sprites.vcxproj", "{FFB8A179-F4BE-455A-AE81-026FAA61F79C}"
EndProject
Project("{8BC9CEB8-8B4A-11D0-8D11-00A0C91BC942}") = "Peds", "Peds\Peds.vcxproj", "{03A84971-F739-41BB-B1EB-008B7F1353A2}"
EndProject
Project("{8BC9CEB8-8B4A-11D0-8D11-00A0C91BC942}") = "Vehicles", "Vehicles\Vehicles.vcxproj", "{2F97A382-45D9-4FF6-9617-3660D3E4A0D5}"
EndProject
Project("{8BC9CEB8-8B4A-11D0-8D11-00A0C91BC942}") = "Pools", "Pools\Pools.vcxproj", "{802A81DB-7978-44DC-A293-18C24026EDD2}"
EndProject
Project("{8BC9CEB8-8B4A-11D0-8D11-00A0C91BC942}") = "Weapons", "Weapons\Weapons.vcxproj", "{DA5DDDB8-8DCF-451D-829A-2647E4B28C5A}"
EndProject
Project("{8BC9CEB8-8B4A-11D0-8D11-00A0C91BC942}") = "Objectives", "Objectives\Objectives.vcxproj", "{DED5AF2E-CD33-4674-B533-DE598DADA237}"
EndProject
Project("{8BC9CEB8-8B4A-11D0-8D11-00A0C91BC942}") = "DriveCarAutoPilot", "DriveCarAutoPilot\DriveCarAutoPilot.vcxproj", "{2CF72515-2003-40CA-B363-A151B0301B9B}"
EndProject
Global
	GlobalSection(SolutionConfigurationPlatforms) = preSolution
		GTA3 Release|x86 = GTA3 Release|x86
		GTA3 zDebug|x86 = GTA3 zDebug|x86
		GTASA Release|x86 = GTASA Release|x86
		GTASA zDebug|x86 = GTASA zDebug|x86
		GTAVC Release|x86 = GTAVC Release|x86
		GTAVC zDebug|x86 = GTAVC zDebug|x86
	EndGlobalSection
	GlobalSection(ProjectConfigurationPlatforms) = postSolution
		{B212DDA4-2A8E-45B2-914D-7BEEB31D06B1}.GTA3 Release|x86.ActiveCfg = GTA3 Release|Win32
		{B212DDA4-2A8E-45B2-914D-7BEEB31D06B1}.GTA3 Release|x86.Build.0 = GTA3 Release|Win32
		{B212DDA4-2A8E-45B2-914D-7BEEB31D06B1}.GTA3 zDebug|x86.ActiveCfg = GTA3 zDebug|Win32
		{B212DDA4-2A8E-45B2-914D-7BEEB31D06B1}.GTA3 zDebug|x86.Build.0 = GTA3 zDebug|Win32
		{B212DDA4-2A8E-45B2-914D-7BEEB31D06B1}.GTASA Release|x86.ActiveCfg = GTA3 zDebug|Win32
		{B212DDA4-2A8E-45B2-914D-7BEEB31D06B1}.GTASA Release|x86.Build.0 = GTA3 zDebug|Win32
		{B212DDA4-2A8E-45B2-914D-7BEEB31D06B1}.GTASA zDebug|x86.ActiveCfg = GTA3 zDebug|Win32
		{B212DDA4-2A8E-45B2-914D-7BEEB31D06B1}.GTASA zDebug|x86.Build.0 = GTA3 zDebug|Win32
		{B212DDA4-2A8E-45B2-914D-7BEEB31D06B1}.GTAVC Release|x86.ActiveCfg = GTA3 zDebug|Win32
		{B212DDA4-2A8E-45B2-914D-7BEEB31D06B1}.GTAVC Release|x86.Build.0 = GTA3 zDebug|Win32
		{B212DDA4-2A8E-45B2-914D-7BEEB31D06B1}.GTAVC zDebug|x86.ActiveCfg = GTA3 zDebug|Win32
		{B212DDA4-2A8E-45B2-914D-7BEEB31D06B1}.GTAVC zDebug|x86.Build.0 = GTA3 zDebug|Win32
		{00CE6844-FF7E-4257-B04E-F04E6CD816F6}.GTA3 Release|x86.ActiveCfg = GTAVC zDebug|Win32
		{00CE6844-FF7E-4257-B04E-F04E6CD816F6}.GTA3 Release|x86.Build.0 = GTAVC zDebug|Win32
		{00CE6844-FF7E-4257-B04E-F04E6CD816F6}.GTA3 zDebug|x86.ActiveCfg = GTAVC zDebug|Win32
		{00CE6844-FF7E-4257-B04E-F04E6CD816F6}.GTA3 zDebug|x86.Build.0 = GTAVC zDebug|Win32
		{00CE6844-FF7E-4257-B04E-F04E6CD816F6}.GTASA Release|x86.ActiveCfg = GTAVC Release|Win32
		{00CE6844-FF7E-4257-B04E-F04E6CD816F6}.GTASA Release|x86.Build.0 = GTAVC Release|Win32
		{00CE6844-FF7E-4257-B04E-F04E6CD816F6}.GTASA zDebug|x86.ActiveCfg = GTAVC Release|Win32
		{00CE6844-FF7E-4257-B04E-F04E6CD816F6}.GTASA zDebug|x86.Build.0 = GTAVC Release|Win32
		{00CE6844-FF7E-4257-B04E-F04E6CD816F6}.GTAVC Release|x86.ActiveCfg = GTAVC Release|Win32
		{00CE6844-FF7E-4257-B04E-F04E6CD816F6}.GTAVC Release|x86.Build.0 = GTAVC Release|Win32
		{00CE6844-FF7E-4257-B04E-F04E6CD816F6}.GTAVC zDebug|x86.ActiveCfg = GTAVC zDebug|Win32
		{00CE6844-FF7E-4257-B04E-F04E6CD816F6}.GTAVC zDebug|x86.Build.0 = GTAVC zDebug|Win32
		{DD30D284-5EA7-428A-8F2A-0865CD76A4E8}.GTA3 Release|x86.ActiveCfg = GTASA zDebug|Win32
		{DD30D284-5EA7-428A-8F2A-0865CD76A4E8}.GTA3 Release|x86.Build.0 = GTASA zDebug|Win32
		{DD30D284-5EA7-428A-8F2A-0865CD76A4E8}.GTA3 zDebug|x86.ActiveCfg = GTASA zDebug|Win32
		{DD30D284-5EA7-428A-8F2A-0865CD76A4E8}.GTA3 zDebug|x86.Build.0 = GTASA zDebug|Win32
		{DD30D284-5EA7-428A-8F2A-0865CD76A4E8}.GTASA Release|x86.ActiveCfg = GTASA Release|Win32
		{DD30D284-5EA7-428A-8F2A-0865CD76A4E8}.GTASA Release|x86.Build.0 = GTASA Release|Win32
		{DD30D284-5EA7-428A-8F2A-0865CD76A4E8}.GTASA zDebug|x86.ActiveCfg = GTASA zDebug|Win32
		{DD30D284-5EA7-428A-8F2A-0865CD76A4E8}.GTASA zDebug|x86.Build.0 = GTASA zDebug|Win32
		{DD30D284-5EA7-428A-8F2A-0865CD76A4E8}.GTAVC Release|x86.ActiveCfg = GTASA zDebug|Win32
		{DD30D284-5EA7-428A-8F2A-0865CD76A4E8}.GTAVC Release|x86.Build.0 = GTASA zDebug|Win32
		{DD30D284-5EA7-428A-8F2A-0865CD76A4E8}.GTAVC zDebug|x86.ActiveCfg = GTASA zDebug|Win32
		{DD30D284-5EA7-428A-8F2A-0865CD76A4E8}.GTAVC zDebug|x86.Build.0 = GTASA zDebug|Win32
		{F88640AA-8941-4B0F-A0F2-0F2616384A53}.GTA3 Release|x86.ActiveCfg = GTA3 Release|Win32
		{F88640AA-8941-4B0F-A0F2-0F2616384A53}.GTA3 Release|x86.Build.0 = GTA3 Release|Win32
		{F88640AA-8941-4B0F-A0F2-0F2616384A53}.GTA3 zDebug|x86.ActiveCfg = GTA3 zDebug|Win32
		{F88640AA-8941-4B0F-A0F2-0F2616384A53}.GTA3 zDebug|x86.Build.0 = GTA3 zDebug|Win32
		{F88640AA-8941-4B0F-A0F2-0F2616384A53}.GTASA Release|x86.ActiveCfg = GTASA Release|Win32
		{F88640AA-8941-4B0F-A0F2-0F2616384A53}.GTASA Release|x86.Build.0 = GTASA Release|Win32
		{F88640AA-8941-4B0F-A0F2-0F2616384A53}.GTASA zDebug|x86.ActiveCfg = GTASA zDebug|Win32
		{F88640AA-8941-4B0F-A0F2-0F2616384A53}.GTASA zDebug|x86.Build.0 = GTASA zDebug|Win32
		{F88640AA-8941-4B0F-A0F2-0F2616384A53}.GTAVC Release|x86.ActiveCfg = GTAVC Release|Win32
		{F88640AA-8941-4B0F-A0F2-0F2616384A53}.GTAVC Release|x86.Build.0 = GTAVC Release|Win32
		{F88640AA-8941-4B0F-A0F2-0F2616384A53}.GTAVC zDebug|x86.ActiveCfg = GTAVC zDebug|Win32
		{F88640AA-8941-4B0F-A0F2-0F2616384A53}.GTAVC zDebug|x86.Build.0 = GTAVC zDebug|Win32
		{FFB8A179-F4BE-455A-AE81-026FAA61F79C}.GTA3 Release|x86.ActiveCfg = GTA3 Release|Win32
		{FFB8A179-F4BE-455A-AE81-026FAA61F79C}.GTA3 Release|x86.Build.0 = GTA3 Release|Win32
		{FFB8A179-F4BE-455A-AE81-026FAA61F79C}.GTA3 zDebug|x86.ActiveCfg = GTA3 zDebug|Win32
		{FFB8A179-F4BE-455A-AE81-026FAA61F79C}.GTA3 zDebug|x86.Build.0 = GTA3 zDebug|Win32
		{FFB8A179-F4BE-455A-AE81-026FAA61F79C}.GTASA Release|x86.ActiveCfg = GTASA Release|Win32
		{FFB8A179-F4BE-455A-AE81-026FAA61F79C}.GTASA Release|x86.Build.0 = GTASA Release|Win32
		{FFB8A179-F4BE-455A-AE81-026FAA61F79C}.GTASA zDebug|x86.ActiveCfg = GTASA zDebug|Win32
		{FFB8A179-F4BE-455A-AE81-026FAA61F79C}.GTASA zDebug|x86.Build.0 = GTASA zDebug|Win32
		{FFB8A179-F4BE-455A-AE81-026FAA61F79C}.GTAVC Release|x86.ActiveCfg = GTAVC Release|Win32
		{FFB8A179-F4BE-455A-AE81-026FAA61F79C}.GTAVC Release|x86.Build.0 = GTAVC Release|Win32
		{FFB8A179-F4BE-455A-AE81-026FAA61F79C}.GTAVC zDebug|x86.ActiveCfg = GTAVC zDebug|Win32
		{FFB8A179-F4BE-455A-AE81-026FAA61F79C}.GTAVC zDebug|x86.Build.0 = GTAVC zDebug|Win32
		{03A84971-F739-41BB-B1EB-008B7F1353A2}.GTA3 Release|x86.ActiveCfg = GTA3 Release|Win32
		{03A84971-F739-41BB-B1EB-008B7F1353A2}.GTA3 Release|x86.Build.0 = GTA3 Release|Win32
		{03A84971-F739-41BB-B1EB-008B7F1353A2}.GTA3 zDebug|x86.ActiveCfg = GTA3 zDebug|Win32
		{03A84971-F739-41BB-B1EB-008B7F1353A2}.GTA3 zDebug|x86.Build.0 = GTA3 zDebug|Win32
		{03A84971-F739-41BB-B1EB-008B7F1353A2}.GTASA Release|x86.ActiveCfg = GTASA Release|Win32
		{03A84971-F739-41BB-B1EB-008B7F1353A2}.GTASA Release|x86.Build.0 = GTASA Release|Win32
		{03A84971-F739-41BB-B1EB-008B7F1353A2}.GTASA zDebug|x86.ActiveCfg = GTASA zDebug|Win32
		{03A84971-F739-41BB-B1EB-008B7F1353A2}.GTASA zDebug|x86.Build.0 = GTASA zDebug|Win32
		{03A84971-F739-41BB-B1EB-008B7F1353A2}.GTAVC Release|x86.ActiveCfg = GTAVC Release|Win32
		{03A84971-F739-41BB-B1EB-008B7F1353A2}.GTAVC Release|x86.Build.0 = GTAVC Release|Win32
		{03A84971-F739-41BB-B1EB-008B7F1353A2}.GTAVC zDebug|x86.ActiveCfg = GTAVC zDebug|Win32
		{03A84971-F739-41BB-B1EB-008B7F1353A2}.GTAVC zDebug|x86.Build.0 = GTAVC zDebug|Win32
		{2F97A382-45D9-4FF6-9617-3660D3E4A0D5}.GTA3 Release|x86.ActiveCfg = GTA3 Release|Win32
		{2F97A382-45D9-4FF6-9617-3660D3E4A0D5}.GTA3 Release|x86.Build.0 = GTA3 Release|Win32
		{2F97A382-45D9-4FF6-9617-3660D3E4A0D5}.GTA3 zDebug|x86.ActiveCfg = GTA3 zDebug|Win32
		{2F97A382-45D9-4FF6-9617-3660D3E4A0D5}.GTA3 zDebug|x86.Build.0 = GTA3 zDebug|Win32
		{2F97A382-45D9-4FF6-9617-3660D3E4A0D5}.GTASA Release|x86.ActiveCfg = GTASA Release|Win32
		{2F97A382-45D9-4FF6-9617-3660D3E4A0D5}.GTASA Release|x86.Build.0 = GTASA Release|Win32
		{2F97A382-45D9-4FF6-9617-3660D3E4A0D5}.GTASA zDebug|x86.ActiveCfg = GTASA zDebug|Win32
		{2F97A382-45D9-4FF6-9617-3660D3E4A0D5}.GTASA zDebug|x86.Build.0 = GTASA zDebug|Win32
		{2F97A382-45D9-4FF6-9617-3660D3E4A0D5}.GTAVC Release|x86.ActiveCfg = GTAVC Release|Win32
		{2F97A382-45D9-4FF6-9617-3660D3E4A0D5}.GTAVC Release|x86.Build.0 = GTAVC Release|Win32
		{2F97A382-45D9-4FF6-9617-3660D3E4A0D5}.GTAVC zDebug|x86.ActiveCfg = GTAVC zDebug|Win32
		{2F97A382-45D9-4FF6-9617-3660D3E4A0D5}.GTAVC zDebug|x86.Build.0 = GTAVC zDebug|Win32
		{802A81DB-7978-44DC-A293-18C24026EDD2}.GTA3 Release|x86.ActiveCfg = GTA3 Release|Win32
		{802A81DB-7978-44DC-A293-18C24026EDD2}.GTA3 Release|x86.Build.0 = GTA3 Release|Win32
		{802A81DB-7978-44DC-A293-18C24026EDD2}.GTA3 zDebug|x86.ActiveCfg = GTA3 zDebug|Win32
		{802A81DB-7978-44DC-A293-18C24026EDD2}.GTA3 zDebug|x86.Build.0 = GTA3 zDebug|Win32
		{802A81DB-7978-44DC-A293-18C24026EDD2}.GTASA Release|x86.ActiveCfg = GTASA Release|Win32
		{802A81DB-7978-44DC-A293-18C24026EDD2}.GTASA Release|x86.Build.0 = GTASA Release|Win32
		{802A81DB-7978-44DC-A293-18C24026EDD2}.GTASA zDebug|x86.ActiveCfg = GTASA zDebug|Win32
		{802A81DB-7978-44DC-A293-18C24026EDD2}.GTASA zDebug|x86.Build.0 = GTASA zDebug|Win32
		{802A81DB-7978-44DC-A293-18C24026EDD2}.GTAVC Release|x86.ActiveCfg = GTAVC Release|Win32
		{802A81DB-7978-44DC-A293-18C24026EDD2}.GTAVC Release|x86.Build.0 = GTAVC Release|Win32
		{802A81DB-7978-44DC-A293-18C24026EDD2}.GTAVC zDebug|x86.ActiveCfg = GTAVC zDebug|Win32
		{802A81DB-7978-44DC-A293-18C24026EDD2}.GTAVC zDebug|x86.Build.0 = GTAVC zDebug|Win32
		{DA5DDDB8-8DCF-451D-829A-2647E4B28C5A}.GTA3 Release|x86.ActiveCfg = GTA3 Release|Win32
		{DA5DDDB8-8DCF-451D-829A-2647E4B28C5A}.GTA3 Release|x86.Build.0 = GTA3 Release|Win32
		{DA5DDDB8-8DCF-451D-829A-2647E4B28C5A}.GTA3 zDebug|x86.ActiveCfg = GTA3 zDebug|Win32
		{DA5DDDB8-8DCF-451D-829A-2647E4B28C5A}.GTA3 zDebug|x86.Build.0 = GTA3 zDebug|Win32
		{DA5DDDB8-8DCF-451D-829A-2647E4B28C5A}.GTASA Release|x86.ActiveCfg = GTASA Release|Win32
		{DA5DDDB8-8DCF-451D-829A-2647E4B28C5A}.GTASA Release|x86.Build.0 = GTASA Release|Win32
		{DA5DDDB8-8DCF-451D-829A-2647E4B28C5A}.GTASA zDebug|x86.ActiveCfg = GTASA zDebug|Win32
		{DA5DDDB8-8DCF-451D-829A-2647E4B28C5A}.GTASA zDebug|x86.Build.0 = GTASA zDebug|Win32
		{DA5DDDB8-8DCF-451D-829A-2647E4B28C5A}.GTAVC Release|x86.ActiveCfg = GTAVC Release|Win32
		{DA5DDDB8-8DCF-451D-829A-2647E4B28C5A}.GTAVC Release|x86.Build.0 = GTAVC Release|Win32
		{DA5DDDB8-8DCF-451D-829A-2647E4B28C5A}.GTAVC zDebug|x86.ActiveCfg = GTAVC zDebug|Win32
		{DA5DDDB8-8DCF-451D-829A-2647E4B28C5A}.GTAVC zDebug|x86.Build.0 = GTAVC zDebug|Win32
		{DED5AF2E-CD33-4674-B533-DE598DADA237}.GTA3 Release|x86.ActiveCfg = GTA3 Release|Win32
		{DED5AF2E-CD33-4674-B533-DE598DADA237}.GTA3 Release|x86.Build.0 = GTA3 Release|Win32
		{DED5AF2E-CD33-4674-B533-DE598DADA237}.GTA3 zDebug|x86.ActiveCfg = GTA3 zDebug|Win32
		{DED5AF2E-CD33-4674-B533-DE598DADA237}.GTA3 zDebug|x86.Build.0 = GTA3 zDebug|Win32
		{DED5AF2E-CD33-4674-B533-DE598DADA237}.GTASA Release|x86.ActiveCfg = GTAVC zDebug|Win32
		{DED5AF2E-CD33-4674-B533-DE598DADA237}.GTASA Release|x86.Build.0 = GTAVC zDebug|Win32
		{DED5AF2E-CD33-4674-B533-DE598DADA237}.GTASA zDebug|x86.ActiveCfg = GTAVC zDebug|Win32
		{DED5AF2E-CD33-4674-B533-DE598DADA237}.GTASA zDebug|x86.Build.0 = GTAVC zDebug|Win32
		{DED5AF2E-CD33-4674-B533-DE598DADA237}.GTAVC Release|x86.ActiveCfg = GTAVC Release|Win32
		{DED5AF2E-CD33-4674-B533-DE598DADA237}.GTAVC Release|x86.Build.0 = GTAVC Release|Win32
		{DED5AF2E-CD33-4674-B533-DE598DADA237}.GTAVC zDebug|x86.ActiveCfg = GTAVC zDebug|Win32
		{DED5AF2E-CD33-4674-B533-DE598DADA237}.GTAVC zDebug|x86.Build.0 = GTAVC zDebug|Win32
		{2CF72515-2003-40CA-B363-A151B0301B9B}.GTA3 Release|x86.ActiveCfg = GTA3 Release|Win32
		{2CF72515-2003-40CA-B363-A151B0301B9B}.GTA3 Release|x86.Build.0 = GTA3 Release|Win32
		{2CF72515-2003-40CA-B363-A151B0301B9B}.GTA3 zDebug|x86.ActiveCfg = GTA3 zDebug|Win32
		{2CF72515-2003-40CA-B363-A151B0301B9B}.GTA3 zDebug|x86.Build.0 = GTA3 zDebug|Win32
		{2CF72515-2003-40CA-B363-A151B0301B9B}.GTASA Release|x86.ActiveCfg = GTASA Release|Win32
		{2CF72515-2003-40CA-B363-A151B0301B9B}.GTASA Release|x86.Build.0 = GTASA Release|Win32
		{2CF72515-2003-40CA-B363-A151B0301B9B}.GTASA zDebug|x86.ActiveCfg = GTASA zDebug|Win32
		{2CF72515-2003-40CA-B363-A151B0301B9B}.GTASA zDebug|x86.Build.0 = GTASA zDebug|Win32
		{2CF72515-2003-40CA-B363-A151B0301B9B}.GTAVC Release|x86.ActiveCfg = GTAVC Release|Win32
		{2CF72515-2003-40CA-B363-A151B0301B9B}.GTAVC Release|x86.Build.0 = GTAVC Release|Win32
		{2CF72515-2003-40CA-B363-A151B0301B9B}.GTAVC zDebug|x86.ActiveCfg = GTAVC zDebug|Win32
		{2CF72515-2003-40CA-B363-A151B0301B9B}.GTAVC zDebug|x86.Build.0 = GTAVC zDebug|Win32
	EndGlobalSection
	GlobalSection(SolutionProperties) = preSolution
		HideSolutionNode = FALSE
	EndGlobalSection
	GlobalSection(ExtensibilityGlobals) = postSolution
		SolutionGuid = {401F2317-CA4E-44E4-8DBF-426862014C33}
	EndGlobalSection
EndGlobal
